{
  "name": "autoresearch-corewar",
  "version": "0.1.0",
  "lockfileVersion": 3,
  "requires": true,
  "packages": {
    "": {
      "name": "autoresearch-corewar",
      "version": "0.1.0",
      "dependencies": {
        "pmars-ts": "^1.0.0"
      }
    },
    "node_modules/pmars-ts": {
      "version": "1.0.0",
      "resolved": "https://registry.npmjs.org/pmars-ts/-/pmars-ts-1.0.0.tgz",
      "integrity": "sha512-qVgffJt9zSjj4BYMqqYtnCQ980vregR+qino9mvYq4dhIz6UOa5bOxuoorCtud8k7W9+slKkJ0SzE82q2+VGQA==",
      "license": "GPL-2.0"
    }
  }
}
